
Microsoft Visual Studio Solution File, Format Version 12.00
# Visual Studio 15
VisualStudioVersion = 15.0.28010.2026
MinimumVisualStudioVersion = 10.0.40219.1
Project("{FAE04EC0-301F-11D3-BF4B-00C04F79EFBC}") = "MyDrawingPencil", "MyDrawingPencil\MyDrawingPencil.csproj", "{4F2AFCBC-B6F7-48D5-AC15-B94E6A05138A}"
EndProject
Global
	GlobalSection(SolutionConfigurationPlatforms) = preSolution
		Debug|Any CPU = Debug|Any CPU
		Release|Any CPU = Release|Any CPU
	EndGlobalSection
	GlobalSection(ProjectConfigurationPlatforms) = postSolution
		{4F2AFCBC-B6F7-48D5-AC15-B94E6A05138A}.Debug|Any CPU.ActiveCfg = Debug|Any CPU
		{4F2AFCBC-B6F7-48D5-AC15-B94E6A05138A}.Debug|Any CPU.Build.0 = Debug|Any CPU
		{4F2AFCBC-B6F7-48D5-AC15-B94E6A05138A}.Release|Any CPU.ActiveCfg = Release|Any CPU
		{4F2AFCBC-B6F7-48D5-AC15-B94E6A05138A}.Release|Any CPU.Build.0 = Release|Any CPU
	EndGlobalSection
	GlobalSection(SolutionProperties) = preSolution
		HideSolutionNode = FALSE
	EndGlobalSection
	GlobalSection(ExtensibilityGlobals) = postSolution
		SolutionGuid = {4258C68C-3B53-4461-B172-96666459716B}
	EndGlobalSection
EndGlobal
