
Microsoft Visual Studio Solution File, Format Version 12.00
# Visual Studio 15
VisualStudioVersion = 15.0.28010.2026
MinimumVisualStudioVersion = 10.0.40219.1
Project("{FAE04EC0-301F-11D3-BF4B-00C04F79EFBC}") = "MyClosedCurve", "MyClosedCurve\MyClosedCurve.csproj", "{89013154-986F-4C9A-90E7-17522C674EED}"
EndProject
Global
	GlobalSection(SolutionConfigurationPlatforms) = preSolution
		Debug|Any CPU = Debug|Any CPU
		Release|Any CPU = Release|Any CPU
	EndGlobalSection
	GlobalSection(ProjectConfigurationPlatforms) = postSolution
		{89013154-986F-4C9A-90E7-17522C674EED}.Debug|Any CPU.ActiveCfg = Debug|Any CPU
		{89013154-986F-4C9A-90E7-17522C674EED}.Debug|Any CPU.Build.0 = Debug|Any CPU
		{89013154-986F-4C9A-90E7-17522C674EED}.Release|Any CPU.ActiveCfg = Release|Any CPU
		{89013154-986F-4C9A-90E7-17522C674EED}.Release|Any CPU.Build.0 = Release|Any CPU
	EndGlobalSection
	GlobalSection(SolutionProperties) = preSolution
		HideSolutionNode = FALSE
	EndGlobalSection
	GlobalSection(ExtensibilityGlobals) = postSolution
		SolutionGuid = {F6D70694-A430-4D23-BD42-8E9AD8F44084}
	EndGlobalSection
EndGlobal
